// !$*UTF8*$!
{
	archiveVersion = 1;
	classes = {
	};
	objectVersion = 50;
	objects = {

/* Begin PBXBuildFile section */
		4C1FF212236B655000A4D73D /* SearchCell.swift in Sources */ = {isa = PBXBuildFile; fileRef = 4C1FF211236B655000A4D73D /* SearchCell.swift */; };
		4C1FF214236BB0A600A4D73D /* InsulinDoseVC.swift in Sources */ = {isa = PBXBuildFile; fileRef = 4C1FF213236BB0A600A4D73D /* InsulinDoseVC.swift */; };
		4C3F87E6235E0D140012EBF4 /* CategoriesVC.swift in Sources */ = {isa = PBXBuildFile; fileRef = 4C3F87E5235E0D140012EBF4 /* CategoriesVC.swift */; };
		4C6B6991235E2A35006586D3 /* CategoryUIButton.swift in Sources */ = {isa = PBXBuildFile; fileRef = 4C6B6990235E2A35006586D3 /* CategoryUIButton.swift */; };
		4C6B699323620DE4006586D3 /* Food.swift in Sources */ = {isa = PBXBuildFile; fileRef = 4C6B699223620DE4006586D3 /* Food.swift */; };
		4C6B699523621824006586D3 /* FoodListVC.swift in Sources */ = {isa = PBXBuildFile; fileRef = 4C6B699423621824006586D3 /* FoodListVC.swift */; };
		4C6B699723623BD0006586D3 /* FoodCell.swift in Sources */ = {isa = PBXBuildFile; fileRef = 4C6B699623623BD0006586D3 /* FoodCell.swift */; };
		4C6B699923634F9C006586D3 /* FoodDB.swift in Sources */ = {isa = PBXBuildFile; fileRef = 4C6B699823634F9C006586D3 /* FoodDB.swift */; };
		4CEAB3FD2364F9AB00B913CB /* BasketVC.swift in Sources */ = {isa = PBXBuildFile; fileRef = 4CEAB3FC2364F9AB00B913CB /* BasketVC.swift */; };
		4CEAB3FF23651A3D00B913CB /* BasketCell.swift in Sources */ = {isa = PBXBuildFile; fileRef = 4CEAB3FE23651A3D00B913CB /* BasketCell.swift */; };
		855555A52333A27D0097B6C5 /* AppDelegate.swift in Sources */ = {isa = PBXBuildFile; fileRef = 855555A42333A27D0097B6C5 /* AppDelegate.swift */; };
		855555A72333A27D0097B6C5 /* MainPageVC.swift in Sources */ = {isa = PBXBuildFile; fileRef = 855555A62333A27D0097B6C5 /* MainPageVC.swift */; };
		855555AA2333A27D0097B6C5 /* MainPage.storyboard in Resources */ = {isa = PBXBuildFile; fileRef = 855555A82333A27D0097B6C5 /* MainPage.storyboard */; };
		855555AC2333A27F0097B6C5 /* Assets.xcassets in Resources */ = {isa = PBXBuildFile; fileRef = 855555AB2333A27F0097B6C5 /* Assets.xcassets */; };
		855555AF2333A27F0097B6C5 /* LaunchScreen.storyboard in Resources */ = {isa = PBXBuildFile; fileRef = 855555AD2333A27F0097B6C5 /* LaunchScreen.storyboard */; };
		8565068823358197004B15EC /* MainPageUIButton.swift in Sources */ = {isa = PBXBuildFile; fileRef = 8565068723358196004B15EC /* MainPageUIButton.swift */; };
		8565068A2335979E004B15EC /* InsulinCalculationVC.swift in Sources */ = {isa = PBXBuildFile; fileRef = 856506892335979E004B15EC /* InsulinCalculationVC.swift */; };
/* End PBXBuildFile section */

/* Begin PBXFileReference section */
		4C1FF211236B655000A4D73D /* SearchCell.swift */ = {isa = PBXFileReference; lastKnownFileType = sourcecode.swift; path = SearchCell.swift; sourceTree = "<group>"; };
		4C1FF213236BB0A600A4D73D /* InsulinDoseVC.swift */ = {isa = PBXFileReference; lastKnownFileType = sourcecode.swift; path = InsulinDoseVC.swift; sourceTree = "<group>"; };
		4C3F87E5235E0D140012EBF4 /* CategoriesVC.swift */ = {isa = PBXFileReference; lastKnownFileType = sourcecode.swift; path = CategoriesVC.swift; sourceTree = "<group>"; };
		4C6B6990235E2A35006586D3 /* CategoryUIButton.swift */ = {isa = PBXFileReference; lastKnownFileType = sourcecode.swift; path = CategoryUIButton.swift; sourceTree = "<group>"; };
		4C6B699223620DE4006586D3 /* Food.swift */ = {isa = PBXFileReference; lastKnownFileType = sourcecode.swift; name = Food.swift; path = MyDosage/View/Food.swift; sourceTree = SOURCE_ROOT; };
		4C6B699423621824006586D3 /* FoodListVC.swift */ = {isa = PBXFileReference; lastKnownFileType = sourcecode.swift; path = FoodListVC.swift; sourceTree = "<group>"; };
		4C6B699623623BD0006586D3 /* FoodCell.swift */ = {isa = PBXFileReference; lastKnownFileType = sourcecode.swift; path = FoodCell.swift; sourceTree = "<group>"; };
		4C6B699823634F9C006586D3 /* FoodDB.swift */ = {isa = PBXFileReference; lastKnownFileType = sourcecode.swift; name = FoodDB.swift; path = MyDosage/Controller/FoodDB.swift; sourceTree = SOURCE_ROOT; };
		4CEAB3FC2364F9AB00B913CB /* BasketVC.swift */ = {isa = PBXFileReference; lastKnownFileType = sourcecode.swift; path = BasketVC.swift; sourceTree = "<group>"; };
		4CEAB3FE23651A3D00B913CB /* BasketCell.swift */ = {isa = PBXFileReference; lastKnownFileType = sourcecode.swift; path = BasketCell.swift; sourceTree = "<group>"; };
		855555A12333A27D0097B6C5 /* MyDosage.app */ = {isa = PBXFileReference; explicitFileType = wrapper.application; includeInIndex = 0; path = MyDosage.app; sourceTree = BUILT_PRODUCTS_DIR; };
		855555A42333A27D0097B6C5 /* AppDelegate.swift */ = {isa = PBXFileReference; lastKnownFileType = sourcecode.swift; path = AppDelegate.swift; sourceTree = "<group>"; };
		855555A62333A27D0097B6C5 /* MainPageVC.swift */ = {isa = PBXFileReference; lastKnownFileType = sourcecode.swift; path = MainPageVC.swift; sourceTree = "<group>"; };
		855555A92333A27D0097B6C5 /* Base */ = {isa = PBXFileReference; lastKnownFileType = file.storyboard; name = Base; path = Base.lproj/MainPage.storyboard; sourceTree = "<group>"; };
		855555AB2333A27F0097B6C5 /* Assets.xcassets */ = {isa = PBXFileReference; lastKnownFileType = folder.assetcatalog; path = Assets.xcassets; sourceTree = "<group>"; };
		855555AE2333A27F0097B6C5 /* Base */ = {isa = PBXFileReference; lastKnownFileType = file.storyboard; name = Base; path = Base.lproj/LaunchScreen.storyboard; sourceTree = "<group>"; };
		855555B02333A27F0097B6C5 /* Info.plist */ = {isa = PBXFileReference; lastKnownFileType = text.plist.xml; path = Info.plist; sourceTree = "<group>"; };
		8565068723358196004B15EC /* MainPageUIButton.swift */ = {isa = PBXFileReference; lastKnownFileType = sourcecode.swift; path = MainPageUIButton.swift; sourceTree = "<group>"; };
		856506892335979E004B15EC /* InsulinCalculationVC.swift */ = {isa = PBXFileReference; lastKnownFileType = sourcecode.swift; path = InsulinCalculationVC.swift; sourceTree = "<group>"; };
/* End PBXFileReference section */

/* Begin PBXFrameworksBuildPhase section */
		8555559E2333A27D0097B6C5 /* Frameworks */ = {
			isa = PBXFrameworksBuildPhase;
			buildActionMask = 2147483647;
			files = (
			);
			runOnlyForDeploymentPostprocessing = 0;
		};
/* End PBXFrameworksBuildPhase section */

/* Begin PBXGroup section */
		855555982333A27D0097B6C5 = {
			isa = PBXGroup;
			children = (
				855555A32333A27D0097B6C5 /* MyDosage */,
				855555A22333A27D0097B6C5 /* Products */,
			);
			sourceTree = "<group>";
		};
		855555A22333A27D0097B6C5 /* Products */ = {
			isa = PBXGroup;
			children = (
				855555A12333A27D0097B6C5 /* MyDosage.app */,
			);
			name = Products;
			sourceTree = "<group>";
		};
		855555A32333A27D0097B6C5 /* MyDosage */ = {
			isa = PBXGroup;
			children = (
				855555B82335706A0097B6C5 /* Model */,
				855555B9233570FC0097B6C5 /* View */,
				855555B6233570130097B6C5 /* Controller */,
				855555B7233570520097B6C5 /* Support Files */,
				855555B02333A27F0097B6C5 /* Info.plist */,
			);
			path = MyDosage;
			sourceTree = "<group>";
		};
		855555B6233570130097B6C5 /* Controller */ = {
			isa = PBXGroup;
			children = (
				856506892335979E004B15EC /* InsulinCalculationVC.swift */,
				4C6B699423621824006586D3 /* FoodListVC.swift */,
				4CEAB3FC2364F9AB00B913CB /* BasketVC.swift */,
				4C6B699623623BD0006586D3 /* FoodCell.swift */,
				4C1FF213236BB0A600A4D73D /* InsulinDoseVC.swift */,
				4C1FF211236B655000A4D73D /* SearchCell.swift */,
				4CEAB3FE23651A3D00B913CB /* BasketCell.swift */,
				4C3F87E5235E0D140012EBF4 /* CategoriesVC.swift */,
				855555A62333A27D0097B6C5 /* MainPageVC.swift */,
			);
			path = Controller;
			sourceTree = "<group>";
		};
		855555B7233570520097B6C5 /* Support Files */ = {
			isa = PBXGroup;
			children = (
				855555A42333A27D0097B6C5 /* AppDelegate.swift */,
				855555AB2333A27F0097B6C5 /* Assets.xcassets */,
				855555AD2333A27F0097B6C5 /* LaunchScreen.storyboard */,
			);
			path = "Support Files";
			sourceTree = "<group>";
		};
		855555B82335706A0097B6C5 /* Model */ = {
			isa = PBXGroup;
			children = (
				4C6B699223620DE4006586D3 /* Food.swift */,
				4C6B699823634F9C006586D3 /* FoodDB.swift */,
			);
			path = Model;
			sourceTree = "<group>";
		};
		855555B9233570FC0097B6C5 /* View */ = {
			isa = PBXGroup;
			children = (
				855555A82333A27D0097B6C5 /* MainPage.storyboard */,
				8565068723358196004B15EC /* MainPageUIButton.swift */,
				4C6B6990235E2A35006586D3 /* CategoryUIButton.swift */,
			);
			path = View;
			sourceTree = "<group>";
		};
/* End PBXGroup section */

/* Begin PBXNativeTarget section */
		855555A02333A27D0097B6C5 /* MyDosage */ = {
			isa = PBXNativeTarget;
			buildConfigurationList = 855555B32333A27F0097B6C5 /* Build configuration list for PBXNativeTarget "MyDosage" */;
			buildPhases = (
				8555559D2333A27D0097B6C5 /* Sources */,
				8555559E2333A27D0097B6C5 /* Frameworks */,
				8555559F2333A27D0097B6C5 /* Resources */,
			);
			buildRules = (
			);
			dependencies = (
			);
			name = MyDosage;
			productName = MyDosage;
			productReference = 855555A12333A27D0097B6C5 /* MyDosage.app */;
			productType = "com.apple.product-type.application";
		};
/* End PBXNativeTarget section */

/* Begin PBXProject section */
		855555992333A27D0097B6C5 /* Project object */ = {
			isa = PBXProject;
			attributes = {
				LastSwiftUpdateCheck = 1020;
				LastUpgradeCheck = 1020;
				ORGANIZATIONNAME = Os;
				TargetAttributes = {
					855555A02333A27D0097B6C5 = {
						CreatedOnToolsVersion = 10.2.1;
					};
				};
			};
			buildConfigurationList = 8555559C2333A27D0097B6C5 /* Build configuration list for PBXProject "MyDosage" */;
			compatibilityVersion = "Xcode 9.3";
			developmentRegion = en;
			hasScannedForEncodings = 0;
			knownRegions = (
				en,
				Base,
			);
			mainGroup = 855555982333A27D0097B6C5;
			productRefGroup = 855555A22333A27D0097B6C5 /* Products */;
			projectDirPath = "";
			projectRoot = "";
			targets = (
				855555A02333A27D0097B6C5 /* MyDosage */,
			);
		};
/* End PBXProject section */

/* Begin PBXResourcesBuildPhase section */
		8555559F2333A27D0097B6C5 /* Resources */ = {
			isa = PBXResourcesBuildPhase;
			buildActionMask = 2147483647;
			files = (
				855555AF2333A27F0097B6C5 /* LaunchScreen.storyboard in Resources */,
				855555AC2333A27F0097B6C5 /* Assets.xcassets in Resources */,
				855555AA2333A27D0097B6C5 /* MainPage.storyboard in Resources */,
			);
			runOnlyForDeploymentPostprocessing = 0;
		};
/* End PBXResourcesBuildPhase section */

/* Begin PBXSourcesBuildPhase section */
		8555559D2333A27D0097B6C5 /* Sources */ = {
			isa = PBXSourcesBuildPhase;
			buildActionMask = 2147483647;
			files = (
				4C6B699323620DE4006586D3 /* Food.swift in Sources */,
				4CEAB3FF23651A3D00B913CB /* BasketCell.swift in Sources */,
				855555A72333A27D0097B6C5 /* MainPageVC.swift in Sources */,
				8565068823358197004B15EC /* MainPageUIButton.swift in Sources */,
				855555A52333A27D0097B6C5 /* AppDelegate.swift in Sources */,
				4C6B6991235E2A35006586D3 /* CategoryUIButton.swift in Sources */,
				4C6B699523621824006586D3 /* FoodListVC.swift in Sources */,
				8565068A2335979E004B15EC /* InsulinCalculationVC.swift in Sources */,
				4C6B699723623BD0006586D3 /* FoodCell.swift in Sources */,
				4C3F87E6235E0D140012EBF4 /* CategoriesVC.swift in Sources */,
				4C1FF214236BB0A600A4D73D /* InsulinDoseVC.swift in Sources */,
				4CEAB3FD2364F9AB00B913CB /* BasketVC.swift in Sources */,
				4C6B699923634F9C006586D3 /* FoodDB.swift in Sources */,
				4C1FF212236B655000A4D73D /* SearchCell.swift in Sources */,
			);
			runOnlyForDeploymentPostprocessing = 0;
		};
/* End PBXSourcesBuildPhase section */

/* Begin PBXVariantGroup section */
		855555A82333A27D0097B6C5 /* MainPage.storyboard */ = {
			isa = PBXVariantGroup;
			children = (
				855555A92333A27D0097B6C5 /* Base */,
			);
			name = MainPage.storyboard;
			sourceTree = "<group>";
		};
		855555AD2333A27F0097B6C5 /* LaunchScreen.storyboard */ = {
			isa = PBXVariantGroup;
			children = (
				855555AE2333A27F0097B6C5 /* Base */,
			);
			name = LaunchScreen.storyboard;
			sourceTree = "<group>";
		};
/* End PBXVariantGroup section */

/* Begin XCBuildConfiguration section */
		855555B12333A27F0097B6C5 /* Debug */ = {
			isa = XCBuildConfiguration;
			buildSettings = {
				ALWAYS_SEARCH_USER_PATHS = NO;
				CLANG_ANALYZER_NONNULL = YES;
				CLANG_ANALYZER_NUMBER_OBJECT_CONVERSION = YES_AGGRESSIVE;
				CLANG_CXX_LANGUAGE_STANDARD = "gnu++14";
				CLANG_CXX_LIBRARY = "libc++";
				CLANG_ENABLE_MODULES = YES;
				CLANG_ENABLE_OBJC_ARC = YES;
				CLANG_ENABLE_OBJC_WEAK = YES;
				CLANG_WARN_BLOCK_CAPTURE_AUTORELEASING = YES;
				CLANG_WARN_BOOL_CONVERSION = YES;
				CLANG_WARN_COMMA = YES;
				CLANG_WARN_CONSTANT_CONVERSION = YES;
				CLANG_WARN_DEPRECATED_OBJC_IMPLEMENTATIONS = YES;
				CLANG_WARN_DIRECT_OBJC_ISA_USAGE = YES_ERROR;
				CLANG_WARN_DOCUMENTATION_COMMENTS = YES;
				CLANG_WARN_EMPTY_BODY = YES;
				CLANG_WARN_ENUM_CONVERSION = YES;
				CLANG_WARN_INFINITE_RECURSION = YES;
				CLANG_WARN_INT_CONVERSION = YES;
				CLANG_WARN_NON_LITERAL_NULL_CONVERSION = YES;
				CLANG_WARN_OBJC_IMPLICIT_RETAIN_SELF = YES;
				CLANG_WARN_OBJC_LITERAL_CONVERSION = YES;
				CLANG_WARN_OBJC_ROOT_CLASS = YES_ERROR;
				CLANG_WARN_RANGE_LOOP_ANALYSIS = YES;
				CLANG_WARN_STRICT_PROTOTYPES = YES;
				CLANG_WARN_SUSPICIOUS_MOVE = YES;
				CLANG_WARN_UNGUARDED_AVAILABILITY = YES_AGGRESSIVE;
				CLANG_WARN_UNREACHABLE_CODE = YES;
				CLANG_WARN__DUPLICATE_METHOD_MATCH = YES;
				CODE_SIGN_IDENTITY = "iPhone Developer";
				COPY_PHASE_STRIP = NO;
				DEBUG_INFORMATION_FORMAT = dwarf;
				ENABLE_STRICT_OBJC_MSGSEND = YES;
				ENABLE_TESTABILITY = YES;
				GCC_C_LANGUAGE_STANDARD = gnu11;
				GCC_DYNAMIC_NO_PIC = NO;
				GCC_NO_COMMON_BLOCKS = YES;
				GCC_OPTIMIZATION_LEVEL = 0;
				GCC_PREPROCESSOR_DEFINITIONS = (
					"DEBUG=1",
					"$(inherited)",
				);
				GCC_WARN_64_TO_32_BIT_CONVERSION = YES;
				GCC_WARN_ABOUT_RETURN_TYPE = YES_ERROR;
				GCC_WARN_UNDECLARED_SELECTOR = YES;
				GCC_WARN_UNINITIALIZED_AUTOS = YES_AGGRESSIVE;
				GCC_WARN_UNUSED_FUNCTION = YES;
				GCC_WARN_UNUSED_VARIABLE = YES;
				IPHONEOS_DEPLOYMENT_TARGET = 12.2;
				MTL_ENABLE_DEBUG_INFO = INCLUDE_SOURCE;
				MTL_FAST_MATH = YES;
				ONLY_ACTIVE_ARCH = YES;
				SDKROOT = iphoneos;
				SWIFT_ACTIVE_COMPILATION_CONDITIONS = DEBUG;
				SWIFT_OPTIMIZATION_LEVEL = "-Onone";
			};
			name = Debug;
		};
		855555B22333A27F0097B6C5 /* Release */ = {
			isa = XCBuildConfiguration;
			buildSettings = {
				ALWAYS_SEARCH_USER_PATHS = NO;
				CLANG_ANALYZER_NONNULL = YES;
				CLANG_ANALYZER_NUMBER_OBJECT_CONVERSION = YES_AGGRESSIVE;
				CLANG_CXX_LANGUAGE_STANDARD = "gnu++14";
				CLANG_CXX_LIBRARY = "libc++";
				CLANG_ENABLE_MODULES = YES;
				CLANG_ENABLE_OBJC_ARC = YES;
				CLANG_ENABLE_OBJC_WEAK = YES;
				CLANG_WARN_BLOCK_CAPTURE_AUTORELEASING = YES;
				CLANG_WARN_BOOL_CONVERSION = YES;
				CLANG_WARN_COMMA = YES;
				CLANG_WARN_CONSTANT_CONVERSION = YES;
				CLANG_WARN_DEPRECATED_OBJC_IMPLEMENTATIONS = YES;
				CLANG_WARN_DIRECT_OBJC_ISA_USAGE = YES_ERROR;
				CLANG_WARN_DOCUMENTATION_COMMENTS = YES;
				CLANG_WARN_EMPTY_BODY = YES;
				CLANG_WARN_ENUM_CONVERSION = YES;
				CLANG_WARN_INFINITE_RECURSION = YES;
				CLANG_WARN_INT_CONVERSION = YES;
				CLANG_WARN_NON_LITERAL_NULL_CONVERSION = YES;
				CLANG_WARN_OBJC_IMPLICIT_RETAIN_SELF = YES;
				CLANG_WARN_OBJC_LITERAL_CONVERSION = YES;
				CLANG_WARN_OBJC_ROOT_CLASS = YES_ERROR;
				CLANG_WARN_RANGE_LOOP_ANALYSIS = YES;
				CLANG_WARN_STRICT_PROTOTYPES = YES;
				CLANG_WARN_SUSPICIOUS_MOVE = YES;
				CLANG_WARN_UNGUARDED_AVAILABILITY = YES_AGGRESSIVE;
				CLANG_WARN_UNREACHABLE_CODE = YES;
				CLANG_WARN__DUPLICATE_METHOD_MATCH = YES;
				CODE_SIGN_IDENTITY = "iPhone Developer";
				COPY_PHASE_STRIP = NO;
				DEBUG_INFORMATION_FORMAT = "dwarf-with-dsym";
				ENABLE_NS_ASSERTIONS = NO;
				ENABLE_STRICT_OBJC_MSGSEND = YES;
				GCC_C_LANGUAGE_STANDARD = gnu11;
				GCC_NO_COMMON_BLOCKS = YES;
				GCC_WARN_64_TO_32_BIT_CONVERSION = YES;
				GCC_WARN_ABOUT_RETURN_TYPE = YES_ERROR;
				GCC_WARN_UNDECLARED_SELECTOR = YES;
				GCC_WARN_UNINITIALIZED_AUTOS = YES_AGGRESSIVE;
				GCC_WARN_UNUSED_FUNCTION = YES;
				GCC_WARN_UNUSED_VARIABLE = YES;
				IPHONEOS_DEPLOYMENT_TARGET = 12.2;
				MTL_ENABLE_DEBUG_INFO = NO;
				MTL_FAST_MATH = YES;
				SDKROOT = iphoneos;
				SWIFT_COMPILATION_MODE = wholemodule;
				SWIFT_OPTIMIZATION_LEVEL = "-O";
				VALIDATE_PRODUCT = YES;
			};
			name = Release;
		};
		855555B42333A27F0097B6C5 /* Debug */ = {
			isa = XCBuildConfiguration;
			buildSettings = {
				ASSETCATALOG_COMPILER_APPICON_NAME = AppIcon;
				CODE_SIGN_STYLE = Automatic;
				DEVELOPMENT_TEAM = 65CPN22H25;
				INFOPLIST_FILE = MyDosage/Info.plist;
				IPHONEOS_DEPLOYMENT_TARGET = 11.0;
				LD_RUNPATH_SEARCH_PATHS = (
					"$(inherited)",
					"@executable_path/Frameworks",
				);
				PRODUCT_BUNDLE_IDENTIFIER = com.GraduationProject.MyDosage;
				PRODUCT_NAME = "$(TARGET_NAME)";
				SWIFT_VERSION = 5.0;
				TARGETED_DEVICE_FAMILY = 1;
			};
			name = Debug;
		};
		855555B52333A27F0097B6C5 /* Release */ = {
			isa = XCBuildConfiguration;
			buildSettings = {
				ASSETCATALOG_COMPILER_APPICON_NAME = AppIcon;
				CODE_SIGN_STYLE = Automatic;
				DEVELOPMENT_TEAM = 65CPN22H25;
				INFOPLIST_FILE = MyDosage/Info.plist;
				IPHONEOS_DEPLOYMENT_TARGET = 11.0;
				LD_RUNPATH_SEARCH_PATHS = (
					"$(inherited)",
					"@executable_path/Frameworks",
				);
				PRODUCT_BUNDLE_IDENTIFIER = com.GraduationProject.MyDosage;
				PRODUCT_NAME = "$(TARGET_NAME)";
				SWIFT_VERSION = 5.0;
				TARGETED_DEVICE_FAMILY = 1;
			};
			name = Release;
		};
/* End XCBuildConfiguration section */

/* Begin XCConfigurationList section */
		8555559C2333A27D0097B6C5 /* Build configuration list for PBXProject "MyDosage" */ = {
			isa = XCConfigurationList;
			buildConfigurations = (
				855555B12333A27F0097B6C5 /* Debug */,
				855555B22333A27F0097B6C5 /* Release */,
			);
			defaultConfigurationIsVisible = 0;
			defaultConfigurationName = Release;
		};
		855555B32333A27F0097B6C5 /* Build configuration list for PBXNativeTarget "MyDosage" */ = {
			isa = XCConfigurationList;
			buildConfigurations = (
				855555B42333A27F0097B6C5 /* Debug */,
				855555B52333A27F0097B6C5 /* Release */,
			);
			defaultConfigurationIsVisible = 0;
			defaultConfigurationName = Release;
		};
/* End XCConfigurationList section */
	};
	rootObject = 855555992333A27D0097B6C5 /* Project object */;
}
